
Microsoft Visual Studio Solution File, Format Version 12.00
# Visual Studio Version 17
VisualStudioVersion = 17.8.34525.116
MinimumVisualStudioVersion = 10.0.40219.1
Project("{FAE04EC0-301F-11D3-BF4B-00C04F79EFBC}") = "MinimalApiCore", "MinimalApiCore\MinimalApiCore.csproj", "{72E4F22B-B1B6-4170-A08F-431A36D76D05}"
EndProject
Global
	GlobalSection(SolutionConfigurationPlatforms) = preSolution
		Debug|Any CPU = Debug|Any CPU
		Release|Any CPU = Release|Any CPU
	EndGlobalSection
	GlobalSection(ProjectConfigurationPlatforms) = postSolution
		{72E4F22B-B1B6-4170-A08F-431A36D76D05}.Debug|Any CPU.ActiveCfg = Debug|Any CPU
		{72E4F22B-B1B6-4170-A08F-431A36D76D05}.Debug|Any CPU.Build.0 = Debug|Any CPU
		{72E4F22B-B1B6-4170-A08F-431A36D76D05}.Release|Any CPU.ActiveCfg = Release|Any CPU
		{72E4F22B-B1B6-4170-A08F-431A36D76D05}.Release|Any CPU.Build.0 = Release|Any CPU
	EndGlobalSection
	GlobalSection(SolutionProperties) = preSolution
		HideSolutionNode = FALSE
	EndGlobalSection
	GlobalSection(ExtensibilityGlobals) = postSolution
		SolutionGuid = {7F4EC1DF-97DD-497C-91D2-647D7745AA77}
	EndGlobalSection
EndGlobal
